
Microsoft Visual Studio Solution File, Format Version 12.00
# Visual Studio Version 17
VisualStudioVersion = 17.11.35312.102
MinimumVisualStudioVersion = 10.0.40219.1
Project("{FAE04EC0-301F-11D3-BF4B-00C04F79EFBC}") = "RaceConditionSample", "RaceConditionSample.csproj", "{4F930782-9AAE-49AC-A0D5-E5AA7E4647FE}"
EndProject
Global
	GlobalSection(SolutionConfigurationPlatforms) = preSolution
		Debug|Any CPU = Debug|Any CPU
		Release|Any CPU = Release|Any CPU
	EndGlobalSection
	GlobalSection(ProjectConfigurationPlatforms) = postSolution
		{4F930782-9AAE-49AC-A0D5-E5AA7E4647FE}.Debug|Any CPU.ActiveCfg = Debug|Any CPU
		{4F930782-9AAE-49AC-A0D5-E5AA7E4647FE}.Debug|Any CPU.Build.0 = Debug|Any CPU
		{4F930782-9AAE-49AC-A0D5-E5AA7E4647FE}.Release|Any CPU.ActiveCfg = Release|Any CPU
		{4F930782-9AAE-49AC-A0D5-E5AA7E4647FE}.Release|Any CPU.Build.0 = Release|Any CPU
	EndGlobalSection
	GlobalSection(SolutionProperties) = preSolution
		HideSolutionNode = FALSE
	EndGlobalSection
	GlobalSection(ExtensibilityGlobals) = postSolution
		SolutionGuid = {7480711F-C6D9-494B-9F45-CD4C09379FCD}
	EndGlobalSection
EndGlobal
